
Microsoft Visual Studio Solution File, Format Version 12.00
# Visual Studio Version 16
VisualStudioVersion = 16.0.30523.141
MinimumVisualStudioVersion = 10.0.40219.1
Project("{8BC9CEB8-8B4A-11D0-8D11-00A0C91BC942}") = "Samples", "Samples.vcxproj", "{B3F6215B-DE78-4459-8E58-67252E535469}"
EndProject
Project("{FAE04EC0-301F-11D3-BF4B-00C04F79EFBC}") = "AoCCore", "..\AoCCore\AoCCore.csproj", "{A795E8CB-98E6-4111-ABBD-6796876C2AF7}"
EndProject
Global
	GlobalSection(SolutionConfigurationPlatforms) = preSolution
		Debug|Any CPU = Debug|Any CPU
		Debug|x64 = Debug|x64
		Debug|x86 = Debug|x86
		Release|Any CPU = Release|Any CPU
		Release|x64 = Release|x64
		Release|x86 = Release|x86
	EndGlobalSection
	GlobalSection(ProjectConfigurationPlatforms) = postSolution
		{B3F6215B-DE78-4459-8E58-67252E535469}.Debug|Any CPU.ActiveCfg = Debug|Win32
		{B3F6215B-DE78-4459-8E58-67252E535469}.Debug|x64.ActiveCfg = Debug|x64
		{B3F6215B-DE78-4459-8E58-67252E535469}.Debug|x64.Build.0 = Debug|x64
		{B3F6215B-DE78-4459-8E58-67252E535469}.Debug|x86.ActiveCfg = Debug|Win32
		{B3F6215B-DE78-4459-8E58-67252E535469}.Debug|x86.Build.0 = Debug|Win32
		{B3F6215B-DE78-4459-8E58-67252E535469}.Release|Any CPU.ActiveCfg = Release|Win32
		{B3F6215B-DE78-4459-8E58-67252E535469}.Release|x64.ActiveCfg = Release|x64
		{B3F6215B-DE78-4459-8E58-67252E535469}.Release|x64.Build.0 = Release|x64
		{B3F6215B-DE78-4459-8E58-67252E535469}.Release|x86.ActiveCfg = Release|Win32
		{B3F6215B-DE78-4459-8E58-67252E535469}.Release|x86.Build.0 = Release|Win32
		{A795E8CB-98E6-4111-ABBD-6796876C2AF7}.Debug|Any CPU.ActiveCfg = Debug|Any CPU
		{A795E8CB-98E6-4111-ABBD-6796876C2AF7}.Debug|Any CPU.Build.0 = Debug|Any CPU
		{A795E8CB-98E6-4111-ABBD-6796876C2AF7}.Debug|x64.ActiveCfg = Debug|Any CPU
		{A795E8CB-98E6-4111-ABBD-6796876C2AF7}.Debug|x64.Build.0 = Debug|Any CPU
		{A795E8CB-98E6-4111-ABBD-6796876C2AF7}.Debug|x86.ActiveCfg = Debug|Any CPU
		{A795E8CB-98E6-4111-ABBD-6796876C2AF7}.Debug|x86.Build.0 = Debug|Any CPU
		{A795E8CB-98E6-4111-ABBD-6796876C2AF7}.Release|Any CPU.ActiveCfg = Release|Any CPU
		{A795E8CB-98E6-4111-ABBD-6796876C2AF7}.Release|Any CPU.Build.0 = Release|Any CPU
		{A795E8CB-98E6-4111-ABBD-6796876C2AF7}.Release|x64.ActiveCfg = Release|Any CPU
		{A795E8CB-98E6-4111-ABBD-6796876C2AF7}.Release|x64.Build.0 = Release|Any CPU
		{A795E8CB-98E6-4111-ABBD-6796876C2AF7}.Release|x86.ActiveCfg = Release|Any CPU
		{A795E8CB-98E6-4111-ABBD-6796876C2AF7}.Release|x86.Build.0 = Release|Any CPU
	EndGlobalSection
	GlobalSection(SolutionProperties) = preSolution
		HideSolutionNode = FALSE
	EndGlobalSection
	GlobalSection(ExtensibilityGlobals) = postSolution
		SolutionGuid = {3B967B99-0B72-48B9-9768-ECD8B6CD76CD}
	EndGlobalSection
EndGlobal
